
Microsoft Visual Studio Solution File, Format Version 12.00
# Visual Studio Version 17
VisualStudioVersion = 17.0.31903.59
MinimumVisualStudioVersion = 10.0.40219.1
Project("{9A19103F-16F7-4668-BE54-9A1E7A4F7556}") = "ActivityService.Api", "src\ActivityService.Api\ActivityService.Api.csproj", "{E45EDB32-CA3C-4E1F-940F-ADAA0F0D7B0E}"
EndProject
Project("{FAE04EC0-301F-11D3-BF4B-00C04F79EFBC}") = "ActivityService.Application", "src\ActivityService.Application\ActivityService.Application.csproj", "{4BE91485-42CC-4B8D-ADB6-329D20850386}"
EndProject
Project("{FAE04EC0-301F-11D3-BF4B-00C04F79EFBC}") = "ActivityService.Domain", "src\ActivityService.Domain\ActivityService.Domain.csproj", "{9ACA81BC-68E3-4BE8-A07F-35E6E7A84E74}"
EndProject
Project("{FAE04EC0-301F-11D3-BF4B-00C04F79EFBC}") = "ActivityService.Infrastructure", "src\ActivityService.Infrastructure\ActivityService.Infrastructure.csproj", "{21839DE6-1B7F-40B2-AAE6-8E35CB3B32B9}"
EndProject
Project("{FAE04EC0-301F-11D3-BF4B-00C04F79EFBC}") = "ActivityService.Contracts", "src\ActivityService.Contracts\ActivityService.Contracts.csproj", "{18C1335D-E9F5-49B4-BAB0-5B3FF0CC1CAE}"
EndProject
Global
	GlobalSection(SolutionConfigurationPlatforms) = preSolution
		Debug|Any CPU = Debug|Any CPU
		Release|Any CPU = Release|Any CPU
	EndGlobalSection
	GlobalSection(ProjectConfigurationPlatforms) = postSolution
		{E45EDB32-CA3C-4E1F-940F-ADAA0F0D7B0E}.Debug|Any CPU.ActiveCfg = Debug|Any CPU
		{E45EDB32-CA3C-4E1F-940F-ADAA0F0D7B0E}.Debug|Any CPU.Build.0 = Debug|Any CPU
		{E45EDB32-CA3C-4E1F-940F-ADAA0F0D7B0E}.Release|Any CPU.ActiveCfg = Release|Any CPU
		{E45EDB32-CA3C-4E1F-940F-ADAA0F0D7B0E}.Release|Any CPU.Build.0 = Release|Any CPU
		{4BE91485-42CC-4B8D-ADB6-329D20850386}.Debug|Any CPU.ActiveCfg = Debug|Any CPU
		{4BE91485-42CC-4B8D-ADB6-329D20850386}.Debug|Any CPU.Build.0 = Debug|Any CPU
		{4BE91485-42CC-4B8D-ADB6-329D20850386}.Release|Any CPU.ActiveCfg = Release|Any CPU
		{4BE91485-42CC-4B8D-ADB6-329D20850386}.Release|Any CPU.Build.0 = Release|Any CPU
		{9ACA81BC-68E3-4BE8-A07F-35E6E7A84E74}.Debug|Any CPU.ActiveCfg = Debug|Any CPU
		{9ACA81BC-68E3-4BE8-A07F-35E6E7A84E74}.Debug|Any CPU.Build.0 = Debug|Any CPU
		{9ACA81BC-68E3-4BE8-A07F-35E6E7A84E74}.Release|Any CPU.ActiveCfg = Release|Any CPU
		{9ACA81BC-68E3-4BE8-A07F-35E6E7A84E74}.Release|Any CPU.Build.0 = Release|Any CPU
		{21839DE6-1B7F-40B2-AAE6-8E35CB3B32B9}.Debug|Any CPU.ActiveCfg = Debug|Any CPU
		{21839DE6-1B7F-40B2-AAE6-8E35CB3B32B9}.Debug|Any CPU.Build.0 = Debug|Any CPU
		{21839DE6-1B7F-40B2-AAE6-8E35CB3B32B9}.Release|Any CPU.ActiveCfg = Release|Any CPU
		{21839DE6-1B7F-40B2-AAE6-8E35CB3B32B9}.Release|Any CPU.Build.0 = Release|Any CPU
		{18C1335D-E9F5-49B4-BAB0-5B3FF0CC1CAE}.Debug|Any CPU.ActiveCfg = Debug|Any CPU
		{18C1335D-E9F5-49B4-BAB0-5B3FF0CC1CAE}.Debug|Any CPU.Build.0 = Debug|Any CPU
		{18C1335D-E9F5-49B4-BAB0-5B3FF0CC1CAE}.Release|Any CPU.ActiveCfg = Release|Any CPU
		{18C1335D-E9F5-49B4-BAB0-5B3FF0CC1CAE}.Release|Any CPU.Build.0 = Release|Any CPU
	EndGlobalSection
	GlobalSection(SolutionProperties) = preSolution
		HideSolutionNode = FALSE
	EndGlobalSection
	GlobalSection(ExtensibilityGlobals) = postSolution
		SolutionGuid = {29FF8084-E416-42B9-B0A3-5B81370287D2}
	EndGlobalSection
EndGlobal
